
Microsoft Visual Studio Solution File, Format Version 12.00
# Visual Studio Version 17
VisualStudioVersion = 17.8.34322.80
MinimumVisualStudioVersion = 10.0.40219.1
Project("{FAE04EC0-301F-11D3-BF4B-00C04F79EFBC}") = "WpfBase_Template", "WpfBase_Template\WpfBase_Template.csproj", "{83AC4D79-CB25-4465-AE49-700E24757F4E}"
EndProject
Project("{FAE04EC0-301F-11D3-BF4B-00C04F79EFBC}") = "WpfBase_Template.Test", "WpfBase_Template.Test\WpfBase_Template.Test.csproj", "{18E27538-AED3-4846-A53D-8F55ECD505B4}"
EndProject
Global
	GlobalSection(SolutionConfigurationPlatforms) = preSolution
		Debug|Any CPU = Debug|Any CPU
		Release|Any CPU = Release|Any CPU
	EndGlobalSection
	GlobalSection(ProjectConfigurationPlatforms) = postSolution
		{83AC4D79-CB25-4465-AE49-700E24757F4E}.Debug|Any CPU.ActiveCfg = Debug|Any CPU
		{83AC4D79-CB25-4465-AE49-700E24757F4E}.Debug|Any CPU.Build.0 = Debug|Any CPU
		{83AC4D79-CB25-4465-AE49-700E24757F4E}.Release|Any CPU.ActiveCfg = Release|Any CPU
		{83AC4D79-CB25-4465-AE49-700E24757F4E}.Release|Any CPU.Build.0 = Release|Any CPU
		{18E27538-AED3-4846-A53D-8F55ECD505B4}.Debug|Any CPU.ActiveCfg = Debug|Any CPU
		{18E27538-AED3-4846-A53D-8F55ECD505B4}.Debug|Any CPU.Build.0 = Debug|Any CPU
		{18E27538-AED3-4846-A53D-8F55ECD505B4}.Release|Any CPU.ActiveCfg = Release|Any CPU
		{18E27538-AED3-4846-A53D-8F55ECD505B4}.Release|Any CPU.Build.0 = Release|Any CPU
	EndGlobalSection
	GlobalSection(SolutionProperties) = preSolution
		HideSolutionNode = FALSE
	EndGlobalSection
	GlobalSection(ExtensibilityGlobals) = postSolution
		SolutionGuid = {4EA60B22-B9C5-4685-9D93-D21C33F5FEBF}
	EndGlobalSection
EndGlobal
